// !$*UTF8*$!
{
	archiveVersion = 1;
	classes = {
	};
	objectVersion = 56;
	objects = {

/* Begin PBXBuildFile section */
		A8EA099E2A784E2300D42ED4 /* akariApp.swift in Sources */ = {isa = PBXBuildFile; fileRef = A8EA099D2A784E2300D42ED4 /* akariApp.swift */; };
		A8EA09A02A784E2300D42ED4 /* ContentView.swift in Sources */ = {isa = PBXBuildFile; fileRef = A8EA099F2A784E2300D42ED4 /* ContentView.swift */; };
		A8EA09A22A784E2700D42ED4 /* Assets.xcassets in Resources */ = {isa = PBXBuildFile; fileRef = A8EA09A12A784E2700D42ED4 /* Assets.xcassets */; };
		A8EA09A52A784E2700D42ED4 /* Preview Assets.xcassets in Resources */ = {isa = PBXBuildFile; fileRef = A8EA09A42A784E2700D42ED4 /* Preview Assets.xcassets */; };
		A8EA09AC2A78512000D42ED4 /* AkariView.swift in Sources */ = {isa = PBXBuildFile; fileRef = A8EA09AB2A78512000D42ED4 /* AkariView.swift */; };
		A8EA09AE2A7852EB00D42ED4 /* ClueView.swift in Sources */ = {isa = PBXBuildFile; fileRef = A8EA09AD2A7852EB00D42ED4 /* ClueView.swift */; };
		A8EA09B02A78540F00D42ED4 /* CorridorView.swift in Sources */ = {isa = PBXBuildFile; fileRef = A8EA09AF2A78540F00D42ED4 /* CorridorView.swift */; };
		A8EA09B22A78556800D42ED4 /* WallView.swift in Sources */ = {isa = PBXBuildFile; fileRef = A8EA09B12A78556800D42ED4 /* WallView.swift */; };
		A8EA09B42A7858D600D42ED4 /* Data.swift in Sources */ = {isa = PBXBuildFile; fileRef = A8EA09B32A7858D600D42ED4 /* Data.swift */; };
		A8EA09B62A79406600D42ED4 /* DataModel.swift in Sources */ = {isa = PBXBuildFile; fileRef = A8EA09B52A79406600D42ED4 /* DataModel.swift */; };
		A8EA09B82A79424B00D42ED4 /* Box.swift in Sources */ = {isa = PBXBuildFile; fileRef = A8EA09B72A79424B00D42ED4 /* Box.swift */; };
/* End PBXBuildFile section */

/* Begin PBXFileReference section */
		A8EA099A2A784E2300D42ED4 /* akari.app */ = {isa = PBXFileReference; explicitFileType = wrapper.application; includeInIndex = 0; path = akari.app; sourceTree = BUILT_PRODUCTS_DIR; };
		A8EA099D2A784E2300D42ED4 /* akariApp.swift */ = {isa = PBXFileReference; lastKnownFileType = sourcecode.swift; path = akariApp.swift; sourceTree = "<group>"; };
		A8EA099F2A784E2300D42ED4 /* ContentView.swift */ = {isa = PBXFileReference; lastKnownFileType = sourcecode.swift; path = ContentView.swift; sourceTree = "<group>"; };
		A8EA09A12A784E2700D42ED4 /* Assets.xcassets */ = {isa = PBXFileReference; lastKnownFileType = folder.assetcatalog; path = Assets.xcassets; sourceTree = "<group>"; };
		A8EA09A42A784E2700D42ED4 /* Preview Assets.xcassets */ = {isa = PBXFileReference; lastKnownFileType = folder.assetcatalog; path = "Preview Assets.xcassets"; sourceTree = "<group>"; };
		A8EA09AB2A78512000D42ED4 /* AkariView.swift */ = {isa = PBXFileReference; lastKnownFileType = sourcecode.swift; path = AkariView.swift; sourceTree = "<group>"; };
		A8EA09AD2A7852EB00D42ED4 /* ClueView.swift */ = {isa = PBXFileReference; lastKnownFileType = sourcecode.swift; path = ClueView.swift; sourceTree = "<group>"; };
		A8EA09AF2A78540F00D42ED4 /* CorridorView.swift */ = {isa = PBXFileReference; lastKnownFileType = sourcecode.swift; path = CorridorView.swift; sourceTree = "<group>"; };
		A8EA09B12A78556800D42ED4 /* WallView.swift */ = {isa = PBXFileReference; lastKnownFileType = sourcecode.swift; path = WallView.swift; sourceTree = "<group>"; };
		A8EA09B32A7858D600D42ED4 /* Data.swift */ = {isa = PBXFileReference; lastKnownFileType = sourcecode.swift; path = Data.swift; sourceTree = "<group>"; };
		A8EA09B52A79406600D42ED4 /* DataModel.swift */ = {isa = PBXFileReference; lastKnownFileType = sourcecode.swift; path = DataModel.swift; sourceTree = "<group>"; };
		A8EA09B72A79424B00D42ED4 /* Box.swift */ = {isa = PBXFileReference; lastKnownFileType = sourcecode.swift; path = Box.swift; sourceTree = "<group>"; };
/* End PBXFileReference section */

/* Begin PBXFrameworksBuildPhase section */
		A8EA09972A784E2300D42ED4 /* Frameworks */ = {
			isa = PBXFrameworksBuildPhase;
			buildActionMask = 2147483647;
			files = (
			);
			runOnlyForDeploymentPostprocessing = 0;
		};
/* End PBXFrameworksBuildPhase section */

/* Begin PBXGroup section */
		A8EA09912A784E2300D42ED4 = {
			isa = PBXGroup;
			children = (
				A8EA099C2A784E2300D42ED4 /* akari */,
				A8EA099B2A784E2300D42ED4 /* Products */,
			);
			sourceTree = "<group>";
		};
		A8EA099B2A784E2300D42ED4 /* Products */ = {
			isa = PBXGroup;
			children = (
				A8EA099A2A784E2300D42ED4 /* akari.app */,
			);
			name = Products;
			sourceTree = "<group>";
		};
		A8EA099C2A784E2300D42ED4 /* akari */ = {
			isa = PBXGroup;
			children = (
				A8EA09BB2A7947DE00D42ED4 /* View */,
				A8EA09B52A79406600D42ED4 /* DataModel.swift */,
				A8EA09B72A79424B00D42ED4 /* Box.swift */,
				A8EA09B32A7858D600D42ED4 /* Data.swift */,
				A8EA09A12A784E2700D42ED4 /* Assets.xcassets */,
				A8EA09A32A784E2700D42ED4 /* Preview Content */,
			);
			path = akari;
			sourceTree = "<group>";
		};
		A8EA09A32A784E2700D42ED4 /* Preview Content */ = {
			isa = PBXGroup;
			children = (
				A8EA09A42A784E2700D42ED4 /* Preview Assets.xcassets */,
			);
			path = "Preview Content";
			sourceTree = "<group>";
		};
		A8EA09BB2A7947DE00D42ED4 /* View */ = {
			isa = PBXGroup;
			children = (
				A8EA099D2A784E2300D42ED4 /* akariApp.swift */,
				A8EA099F2A784E2300D42ED4 /* ContentView.swift */,
				A8EA09AB2A78512000D42ED4 /* AkariView.swift */,
				A8EA09AD2A7852EB00D42ED4 /* ClueView.swift */,
				A8EA09AF2A78540F00D42ED4 /* CorridorView.swift */,
				A8EA09B12A78556800D42ED4 /* WallView.swift */,
			);
			path = View;
			sourceTree = "<group>";
		};
/* End PBXGroup section */

/* Begin PBXNativeTarget section */
		A8EA09992A784E2300D42ED4 /* akari */ = {
			isa = PBXNativeTarget;
			buildConfigurationList = A8EA09A82A784E2700D42ED4 /* Build configuration list for PBXNativeTarget "akari" */;
			buildPhases = (
				A8EA09962A784E2300D42ED4 /* Sources */,
				A8EA09972A784E2300D42ED4 /* Frameworks */,
				A8EA09982A784E2300D42ED4 /* Resources */,
			);
			buildRules = (
			);
			dependencies = (
			);
			name = akari;
			productName = akari;
			productReference = A8EA099A2A784E2300D42ED4 /* akari.app */;
			productType = "com.apple.product-type.application";
		};
/* End PBXNativeTarget section */

/* Begin PBXProject section */
		A8EA09922A784E2300D42ED4 /* Project object */ = {
			isa = PBXProject;
			attributes = {
				BuildIndependentTargetsInParallel = 1;
				LastSwiftUpdateCheck = 1430;
				LastUpgradeCheck = 1430;
				TargetAttributes = {
					A8EA09992A784E2300D42ED4 = {
						CreatedOnToolsVersion = 14.3.1;
					};
				};
			};
			buildConfigurationList = A8EA09952A784E2300D42ED4 /* Build configuration list for PBXProject "akari" */;
			compatibilityVersion = "Xcode 14.0";
			developmentRegion = en;
			hasScannedForEncodings = 0;
			knownRegions = (
				en,
				Base,
			);
			mainGroup = A8EA09912A784E2300D42ED4;
			productRefGroup = A8EA099B2A784E2300D42ED4 /* Products */;
			projectDirPath = "";
			projectRoot = "";
			targets = (
				A8EA09992A784E2300D42ED4 /* akari */,
			);
		};
/* End PBXProject section */

/* Begin PBXResourcesBuildPhase section */
		A8EA09982A784E2300D42ED4 /* Resources */ = {
			isa = PBXResourcesBuildPhase;
			buildActionMask = 2147483647;
			files = (
				A8EA09A52A784E2700D42ED4 /* Preview Assets.xcassets in Resources */,
				A8EA09A22A784E2700D42ED4 /* Assets.xcassets in Resources */,
			);
			runOnlyForDeploymentPostprocessing = 0;
		};
/* End PBXResourcesBuildPhase section */

/* Begin PBXSourcesBuildPhase section */
		A8EA09962A784E2300D42ED4 /* Sources */ = {
			isa = PBXSourcesBuildPhase;
			buildActionMask = 2147483647;
			files = (
				A8EA09B82A79424B00D42ED4 /* Box.swift in Sources */,
				A8EA09B42A7858D600D42ED4 /* Data.swift in Sources */,
				A8EA09B22A78556800D42ED4 /* WallView.swift in Sources */,
				A8EA09AC2A78512000D42ED4 /* AkariView.swift in Sources */,
				A8EA09B02A78540F00D42ED4 /* CorridorView.swift in Sources */,
				A8EA09AE2A7852EB00D42ED4 /* ClueView.swift in Sources */,
				A8EA09B62A79406600D42ED4 /* DataModel.swift in Sources */,
				A8EA09A02A784E2300D42ED4 /* ContentView.swift in Sources */,
				A8EA099E2A784E2300D42ED4 /* akariApp.swift in Sources */,
			);
			runOnlyForDeploymentPostprocessing = 0;
		};
/* End PBXSourcesBuildPhase section */

/* Begin XCBuildConfiguration section */
		A8EA09A62A784E2700D42ED4 /* Debug */ = {
			isa = XCBuildConfiguration;
			buildSettings = {
				ALWAYS_SEARCH_USER_PATHS = NO;
				CLANG_ANALYZER_NONNULL = YES;
				CLANG_ANALYZER_NUMBER_OBJECT_CONVERSION = YES_AGGRESSIVE;
				CLANG_CXX_LANGUAGE_STANDARD = "gnu++20";
				CLANG_ENABLE_MODULES = YES;
				CLANG_ENABLE_OBJC_ARC = YES;
				CLANG_ENABLE_OBJC_WEAK = YES;
				CLANG_WARN_BLOCK_CAPTURE_AUTORELEASING = YES;
				CLANG_WARN_BOOL_CONVERSION = YES;
				CLANG_WARN_COMMA = YES;
				CLANG_WARN_CONSTANT_CONVERSION = YES;
				CLANG_WARN_DEPRECATED_OBJC_IMPLEMENTATIONS = YES;
				CLANG_WARN_DIRECT_OBJC_ISA_USAGE = YES_ERROR;
				CLANG_WARN_DOCUMENTATION_COMMENTS = YES;
				CLANG_WARN_EMPTY_BODY = YES;
				CLANG_WARN_ENUM_CONVERSION = YES;
				CLANG_WARN_INFINITE_RECURSION = YES;
				CLANG_WARN_INT_CONVERSION = YES;
				CLANG_WARN_NON_LITERAL_NULL_CONVERSION = YES;
				CLANG_WARN_OBJC_IMPLICIT_RETAIN_SELF = YES;
				CLANG_WARN_OBJC_LITERAL_CONVERSION = YES;
				CLANG_WARN_OBJC_ROOT_CLASS = YES_ERROR;
				CLANG_WARN_QUOTED_INCLUDE_IN_FRAMEWORK_HEADER = YES;
				CLANG_WARN_RANGE_LOOP_ANALYSIS = YES;
				CLANG_WARN_STRICT_PROTOTYPES = YES;
				CLANG_WARN_SUSPICIOUS_MOVE = YES;
				CLANG_WARN_UNGUARDED_AVAILABILITY = YES_AGGRESSIVE;
				CLANG_WARN_UNREACHABLE_CODE = YES;
				CLANG_WARN__DUPLICATE_METHOD_MATCH = YES;
				COPY_PHASE_STRIP = NO;
				DEBUG_INFORMATION_FORMAT = dwarf;
				ENABLE_STRICT_OBJC_MSGSEND = YES;
				ENABLE_TESTABILITY = YES;
				GCC_C_LANGUAGE_STANDARD = gnu11;
				GCC_DYNAMIC_NO_PIC = NO;
				GCC_NO_COMMON_BLOCKS = YES;
				GCC_OPTIMIZATION_LEVEL = 0;
				GCC_PREPROCESSOR_DEFINITIONS = (
					"DEBUG=1",
					"$(inherited)",
				);
				GCC_WARN_64_TO_32_BIT_CONVERSION = YES;
				GCC_WARN_ABOUT_RETURN_TYPE = YES_ERROR;
				GCC_WARN_UNDECLARED_SELECTOR = YES;
				GCC_WARN_UNINITIALIZED_AUTOS = YES_AGGRESSIVE;
				GCC_WARN_UNUSED_FUNCTION = YES;
				GCC_WARN_UNUSED_VARIABLE = YES;
				IPHONEOS_DEPLOYMENT_TARGET = 16.4;
				MTL_ENABLE_DEBUG_INFO = INCLUDE_SOURCE;
				MTL_FAST_MATH = YES;
				ONLY_ACTIVE_ARCH = YES;
				SDKROOT = iphoneos;
				SWIFT_ACTIVE_COMPILATION_CONDITIONS = DEBUG;
				SWIFT_OPTIMIZATION_LEVEL = "-Onone";
			};
			name = Debug;
		};
		A8EA09A72A784E2700D42ED4 /* Release */ = {
			isa = XCBuildConfiguration;
			buildSettings = {
				ALWAYS_SEARCH_USER_PATHS = NO;
				CLANG_ANALYZER_NONNULL = YES;
				CLANG_ANALYZER_NUMBER_OBJECT_CONVERSION = YES_AGGRESSIVE;
				CLANG_CXX_LANGUAGE_STANDARD = "gnu++20";
				CLANG_ENABLE_MODULES = YES;
				CLANG_ENABLE_OBJC_ARC = YES;
				CLANG_ENABLE_OBJC_WEAK = YES;
				CLANG_WARN_BLOCK_CAPTURE_AUTORELEASING = YES;
				CLANG_WARN_BOOL_CONVERSION = YES;
				CLANG_WARN_COMMA = YES;
				CLANG_WARN_CONSTANT_CONVERSION = YES;
				CLANG_WARN_DEPRECATED_OBJC_IMPLEMENTATIONS = YES;
				CLANG_WARN_DIRECT_OBJC_ISA_USAGE = YES_ERROR;
				CLANG_WARN_DOCUMENTATION_COMMENTS = YES;
				CLANG_WARN_EMPTY_BODY = YES;
				CLANG_WARN_ENUM_CONVERSION = YES;
				CLANG_WARN_INFINITE_RECURSION = YES;
				CLANG_WARN_INT_CONVERSION = YES;
				CLANG_WARN_NON_LITERAL_NULL_CONVERSION = YES;
				CLANG_WARN_OBJC_IMPLICIT_RETAIN_SELF = YES;
				CLANG_WARN_OBJC_LITERAL_CONVERSION = YES;
				CLANG_WARN_OBJC_ROOT_CLASS = YES_ERROR;
				CLANG_WARN_QUOTED_INCLUDE_IN_FRAMEWORK_HEADER = YES;
				CLANG_WARN_RANGE_LOOP_ANALYSIS = YES;
				CLANG_WARN_STRICT_PROTOTYPES = YES;
				CLANG_WARN_SUSPICIOUS_MOVE = YES;
				CLANG_WARN_UNGUARDED_AVAILABILITY = YES_AGGRESSIVE;
				CLANG_WARN_UNREACHABLE_CODE = YES;
				CLANG_WARN__DUPLICATE_METHOD_MATCH = YES;
				COPY_PHASE_STRIP = NO;
				DEBUG_INFORMATION_FORMAT = "dwarf-with-dsym";
				ENABLE_NS_ASSERTIONS = NO;
				ENABLE_STRICT_OBJC_MSGSEND = YES;
				GCC_C_LANGUAGE_STANDARD = gnu11;
				GCC_NO_COMMON_BLOCKS = YES;
				GCC_WARN_64_TO_32_BIT_CONVERSION = YES;
				GCC_WARN_ABOUT_RETURN_TYPE = YES_ERROR;
				GCC_WARN_UNDECLARED_SELECTOR = YES;
				GCC_WARN_UNINITIALIZED_AUTOS = YES_AGGRESSIVE;
				GCC_WARN_UNUSED_FUNCTION = YES;
				GCC_WARN_UNUSED_VARIABLE = YES;
				IPHONEOS_DEPLOYMENT_TARGET = 16.4;
				MTL_ENABLE_DEBUG_INFO = NO;
				MTL_FAST_MATH = YES;
				SDKROOT = iphoneos;
				SWIFT_COMPILATION_MODE = wholemodule;
				SWIFT_OPTIMIZATION_LEVEL = "-O";
				VALIDATE_PRODUCT = YES;
			};
			name = Release;
		};
		A8EA09A92A784E2700D42ED4 /* Debug */ = {
			isa = XCBuildConfiguration;
			buildSettings = {
				ASSETCATALOG_COMPILER_APPICON_NAME = AppIcon;
				ASSETCATALOG_COMPILER_GLOBAL_ACCENT_COLOR_NAME = AccentColor;
				CODE_SIGN_STYLE = Automatic;
				CURRENT_PROJECT_VERSION = 1;
				DEVELOPMENT_ASSET_PATHS = "\"akari/Preview Content\"";
				DEVELOPMENT_TEAM = PH9GVD6772;
				ENABLE_PREVIEWS = YES;
				GENERATE_INFOPLIST_FILE = YES;
				INFOPLIST_KEY_UIApplicationSceneManifest_Generation = YES;
				INFOPLIST_KEY_UIApplicationSupportsIndirectInputEvents = YES;
				INFOPLIST_KEY_UILaunchScreen_Generation = YES;
				INFOPLIST_KEY_UISupportedInterfaceOrientations_iPad = "UIInterfaceOrientationPortrait UIInterfaceOrientationPortraitUpsideDown UIInterfaceOrientationLandscapeLeft UIInterfaceOrientationLandscapeRight";
				INFOPLIST_KEY_UISupportedInterfaceOrientations_iPhone = "UIInterfaceOrientationPortrait UIInterfaceOrientationLandscapeLeft UIInterfaceOrientationLandscapeRight";
				LD_RUNPATH_SEARCH_PATHS = (
					"$(inherited)",
					"@executable_path/Frameworks",
				);
				MARKETING_VERSION = 1.0;
				PRODUCT_BUNDLE_IDENTIFIER = com.LasyaK.akari;
				PRODUCT_NAME = "$(TARGET_NAME)";
				SWIFT_EMIT_LOC_STRINGS = YES;
				SWIFT_VERSION = 5.0;
				TARGETED_DEVICE_FAMILY = "1,2";
			};
			name = Debug;
		};
		A8EA09AA2A784E2700D42ED4 /* Release */ = {
			isa = XCBuildConfiguration;
			buildSettings = {
				ASSETCATALOG_COMPILER_APPICON_NAME = AppIcon;
				ASSETCATALOG_COMPILER_GLOBAL_ACCENT_COLOR_NAME = AccentColor;
				CODE_SIGN_STYLE = Automatic;
				CURRENT_PROJECT_VERSION = 1;
				DEVELOPMENT_ASSET_PATHS = "\"akari/Preview Content\"";
				DEVELOPMENT_TEAM = PH9GVD6772;
				ENABLE_PREVIEWS = YES;
				GENERATE_INFOPLIST_FILE = YES;
				INFOPLIST_KEY_UIApplicationSceneManifest_Generation = YES;
				INFOPLIST_KEY_UIApplicationSupportsIndirectInputEvents = YES;
				INFOPLIST_KEY_UILaunchScreen_Generation = YES;
				INFOPLIST_KEY_UISupportedInterfaceOrientations_iPad = "UIInterfaceOrientationPortrait UIInterfaceOrientationPortraitUpsideDown UIInterfaceOrientationLandscapeLeft UIInterfaceOrientationLandscapeRight";
				INFOPLIST_KEY_UISupportedInterfaceOrientations_iPhone = "UIInterfaceOrientationPortrait UIInterfaceOrientationLandscapeLeft UIInterfaceOrientationLandscapeRight";
				LD_RUNPATH_SEARCH_PATHS = (
					"$(inherited)",
					"@executable_path/Frameworks",
				);
				MARKETING_VERSION = 1.0;
				PRODUCT_BUNDLE_IDENTIFIER = com.LasyaK.akari;
				PRODUCT_NAME = "$(TARGET_NAME)";
				SWIFT_EMIT_LOC_STRINGS = YES;
				SWIFT_VERSION = 5.0;
				TARGETED_DEVICE_FAMILY = "1,2";
			};
			name = Release;
		};
/* End XCBuildConfiguration section */

/* Begin XCConfigurationList section */
		A8EA09952A784E2300D42ED4 /* Build configuration list for PBXProject "akari" */ = {
			isa = XCConfigurationList;
			buildConfigurations = (
				A8EA09A62A784E2700D42ED4 /* Debug */,
				A8EA09A72A784E2700D42ED4 /* Release */,
			);
			defaultConfigurationIsVisible = 0;
			defaultConfigurationName = Release;
		};
		A8EA09A82A784E2700D42ED4 /* Build configuration list for PBXNativeTarget "akari" */ = {
			isa = XCConfigurationList;
			buildConfigurations = (
				A8EA09A92A784E2700D42ED4 /* Debug */,
				A8EA09AA2A784E2700D42ED4 /* Release */,
			);
			defaultConfigurationIsVisible = 0;
			defaultConfigurationName = Release;
		};
/* End XCConfigurationList section */
	};
	rootObject = A8EA09922A784E2300D42ED4 /* Project object */;
}
